
Microsoft Visual Studio Solution File, Format Version 12.00
# Visual Studio 15
VisualStudioVersion = 15.0.27703.2042
MinimumVisualStudioVersion = 10.0.40219.1
Project("{FAE04EC0-301F-11D3-BF4B-00C04F79EFBC}") = "ExamWork", "ExamWork\ExamWork.csproj", "{674C3BA2-6E48-4756-858E-6DBF9776F66F}"
EndProject
Global
	GlobalSection(SolutionConfigurationPlatforms) = preSolution
		Debug|Any CPU = Debug|Any CPU
		Release|Any CPU = Release|Any CPU
	EndGlobalSection
	GlobalSection(ProjectConfigurationPlatforms) = postSolution
		{674C3BA2-6E48-4756-858E-6DBF9776F66F}.Debug|Any CPU.ActiveCfg = Debug|Any CPU
		{674C3BA2-6E48-4756-858E-6DBF9776F66F}.Debug|Any CPU.Build.0 = Debug|Any CPU
		{674C3BA2-6E48-4756-858E-6DBF9776F66F}.Release|Any CPU.ActiveCfg = Release|Any CPU
		{674C3BA2-6E48-4756-858E-6DBF9776F66F}.Release|Any CPU.Build.0 = Release|Any CPU
	EndGlobalSection
	GlobalSection(SolutionProperties) = preSolution
		HideSolutionNode = FALSE
	EndGlobalSection
	GlobalSection(ExtensibilityGlobals) = postSolution
		SolutionGuid = {FFFFFC56-C219-4434-8715-A018124B164F}
	EndGlobalSection
EndGlobal
